
Microsoft Visual Studio Solution File, Format Version 12.00
# Visual Studio Version 16
VisualStudioVersion = 16.0.30907.101
MinimumVisualStudioVersion = 10.0.40219.1
Project("{9A19103F-16F7-4668-BE54-9A1E7A4F7556}") = "SimpleWebApp", "SimpleWebApp\SimpleWebApp.csproj", "{3CCFA20B-17D6-4184-ACDB-B02C8EF1AF36}"
EndProject
Project("{FAE04EC0-301F-11D3-BF4B-00C04F79EFBC}") = "SimpleWebAppRepository", "SimpleWebAppRepository\SimpleWebAppRepository.csproj", "{4C42A0DB-1BEA-4498-B313-0F87B5F30FB4}"
EndProject
Global
	GlobalSection(SolutionConfigurationPlatforms) = preSolution
		Debug|Any CPU = Debug|Any CPU
		Release|Any CPU = Release|Any CPU
	EndGlobalSection
	GlobalSection(ProjectConfigurationPlatforms) = postSolution
		{3CCFA20B-17D6-4184-ACDB-B02C8EF1AF36}.Debug|Any CPU.ActiveCfg = Debug|Any CPU
		{3CCFA20B-17D6-4184-ACDB-B02C8EF1AF36}.Debug|Any CPU.Build.0 = Debug|Any CPU
		{3CCFA20B-17D6-4184-ACDB-B02C8EF1AF36}.Release|Any CPU.ActiveCfg = Release|Any CPU
		{3CCFA20B-17D6-4184-ACDB-B02C8EF1AF36}.Release|Any CPU.Build.0 = Release|Any CPU
		{4C42A0DB-1BEA-4498-B313-0F87B5F30FB4}.Debug|Any CPU.ActiveCfg = Debug|Any CPU
		{4C42A0DB-1BEA-4498-B313-0F87B5F30FB4}.Debug|Any CPU.Build.0 = Debug|Any CPU
		{4C42A0DB-1BEA-4498-B313-0F87B5F30FB4}.Release|Any CPU.ActiveCfg = Release|Any CPU
		{4C42A0DB-1BEA-4498-B313-0F87B5F30FB4}.Release|Any CPU.Build.0 = Release|Any CPU
	EndGlobalSection
	GlobalSection(SolutionProperties) = preSolution
		HideSolutionNode = FALSE
	EndGlobalSection
	GlobalSection(ExtensibilityGlobals) = postSolution
		SolutionGuid = {D5B99993-5CD3-472A-BEED-E5AA512FD995}
	EndGlobalSection
EndGlobal
